
Microsoft Visual Studio Solution File, Format Version 12.00
# Visual Studio Version 17
VisualStudioVersion = 17.13.35919.96 d17.13
MinimumVisualStudioVersion = 10.0.40219.1
Project("{FAE04EC0-301F-11D3-BF4B-00C04F79EFBC}") = "QuizzApp", "QuizzApp.csproj", "{9575ECE2-8EB6-4000-8654-787F98300B60}"
EndProject
Global
	GlobalSection(SolutionConfigurationPlatforms) = preSolution
		Debug|Any CPU = Debug|Any CPU
		Release|Any CPU = Release|Any CPU
	EndGlobalSection
	GlobalSection(ProjectConfigurationPlatforms) = postSolution
		{9575ECE2-8EB6-4000-8654-787F98300B60}.Debug|Any CPU.ActiveCfg = Debug|Any CPU
		{9575ECE2-8EB6-4000-8654-787F98300B60}.Debug|Any CPU.Build.0 = Debug|Any CPU
		{9575ECE2-8EB6-4000-8654-787F98300B60}.Release|Any CPU.ActiveCfg = Release|Any CPU
		{9575ECE2-8EB6-4000-8654-787F98300B60}.Release|Any CPU.Build.0 = Release|Any CPU
	EndGlobalSection
	GlobalSection(SolutionProperties) = preSolution
		HideSolutionNode = FALSE
	EndGlobalSection
	GlobalSection(ExtensibilityGlobals) = postSolution
		SolutionGuid = {32CE0D70-A9AF-47D9-965A-DDF7A4FF13D3}
	EndGlobalSection
EndGlobal
